# generated by rye
# use `rye lock` or `rye sync` to update this lockfile
#
# last locked with the following flags:
#   pre: false
#   features: []
#   all-features: false
#   with-sources: false
#   generate-hashes: false
#   universal: false

-e file:.
customtkinter==5.2.2
    # via sniffler
darkdetect==0.8.0
    # via customtkinter
mutagen==1.47.0
    # via sniffler
olefile==0.47
    # via sniffler
packaging==24.1
    # via customtkinter
pillow==11.0.0
    # via sniffler
pymupdf==1.24.13
    # via sniffler
tqdm==4.66.6
    # via sniffler
