# generated by rye
# use `rye lock` or `rye sync` to update this lockfile
#
# last locked with the following flags:
#   pre: false
#   features: []
#   all-features: false
#   with-sources: false
#   generate-hashes: false
#   universal: false

-e file:.
nodeenv==1.9.1
    # via pyright
pillow==10.4.0
    # via sniffler
pyright==1.1.382.post1
ruff==0.6.8
tinytag @ git+https://github.com/tinytag/tinytag@b06284d3a8e4c6995ae972224974dcb40c7fa5df
    # via sniffler
tqdm==4.66.5
    # via sniffler
typing-extensions==4.12.2
    # via pyright
