# generated by rye
# use `rye lock` or `rye sync` to update this lockfile
#
# last locked with the following flags:
#   pre: false
#   features: []
#   all-features: false
#   with-sources: false
#   generate-hashes: false
#   universal: false

-e file:.
nodeenv==1.9.1
pillow==10.4.0
pyright==1.1.382.post1
ruff==0.6.8
tqdm==4.66.5
typing-extensions==4.12.2
